{
  "version": 4,
  "terraform_version": "1.7.5",
  "serial": 44,
  "lineage": "a73618ff-b5fa-5542-7fad-94108a239a3c",
  "outputs": {
    "kubernetes_cluster_endpoint": {
      "value": "34.140.178.68",
      "type": "string"
    },
    "kubernetes_cluster_name": {
      "value": "k8s-cluster-clean-polecat",
      "type": "string"
    },
    "storage_bucket_name": {
      "value": "storage-bucket-clean-polecat",
      "type": "string"
    }
  },
  "resources": [
    {
      "mode": "managed",
      "type": "google_container_cluster",
      "name": "kubernetes_cluster",
      "provider": "provider[\"registry.terraform.io/hashicorp/google\"]",
      "instances": [
        {
          "schema_version": 2,
          "attributes": {
            "addons_config": [
              {
                "cloudrun_config": [],
                "config_connector_config": [],
                "dns_cache_config": [],
                "gce_persistent_disk_csi_driver_config": [
                  {
                    "enabled": true
                  }
                ],
                "gcp_filestore_csi_driver_config": [],
                "gcs_fuse_csi_driver_config": [],
                "gke_backup_agent_config": [],
                "horizontal_pod_autoscaling": [],
                "http_load_balancing": [],
                "network_policy_config": [
                  {
                    "disabled": true
                  }
                ],
                "stateful_ha_config": []
              }
            ],
            "allow_net_admin": null,
            "authenticator_groups_config": [],
            "binary_authorization": [
              {
                "enabled": false,
                "evaluation_mode": ""
              }
            ],
            "cluster_autoscaling": [
              {
                "auto_provisioning_defaults": [],
                "autoscaling_profile": "BALANCED",
                "enabled": false,
                "resource_limits": []
              }
            ],
            "cluster_ipv4_cidr": "10.96.0.0/14",
            "confidential_nodes": [],
            "cost_management_config": [],
            "database_encryption": [
              {
                "key_name": "",
                "state": "DECRYPTED"
              }
            ],
            "datapath_provider": "",
            "default_max_pods_per_node": 110,
            "default_snat_status": [
              {
                "disabled": false
              }
            ],
            "deletion_protection": false,
            "description": "",
            "dns_config": [],
            "enable_autopilot": false,
            "enable_cilium_clusterwide_network_policy": false,
            "enable_intranode_visibility": false,
            "enable_k8s_beta_apis": [],
            "enable_kubernetes_alpha": false,
            "enable_l4_ilb_subsetting": false,
            "enable_legacy_abac": false,
            "enable_shielded_nodes": true,
            "enable_tpu": false,
            "endpoint": "34.140.178.68",
            "fleet": [],
            "gateway_api_config": [],
            "id": "projects/epam-hw-424120/locations/europe-west1-b/clusters/k8s-cluster-clean-polecat",
            "identity_service_config": [],
            "initial_node_count": 3,
            "ip_allocation_policy": [
              {
                "additional_pod_ranges_config": [],
                "cluster_ipv4_cidr_block": "10.96.0.0/14",
                "cluster_secondary_range_name": "gke-k8s-cluster-clean-polecat-pods-a2cecb2b",
                "pod_cidr_overprovision_config": [
                  {
                    "disabled": false
                  }
                ],
                "services_ipv4_cidr_block": "34.118.224.0/20",
                "services_secondary_range_name": "",
                "stack_type": "IPV4"
              }
            ],
            "label_fingerprint": "a9dc16a7",
            "location": "europe-west1-b",
            "logging_config": [
              {
                "enable_components": [
                  "SYSTEM_COMPONENTS",
                  "WORKLOADS"
                ]
              }
            ],
            "logging_service": "logging.googleapis.com/kubernetes",
            "maintenance_policy": [],
            "master_auth": [
              {
                "client_certificate": "",
                "client_certificate_config": [
                  {
                    "issue_client_certificate": false
                  }
                ],
                "client_key": "",
                "cluster_ca_certificate": "LS0tLS1CRUdJTiBDRVJUSUZJQ0FURS0tLS0tCk1JSUVMRENDQXBTZ0F3SUJBZ0lRUTNPcGhLMXNzU0tHYlBnbnlQN3lYakFOQmdrcWhraUc5dzBCQVFzRkFEQXYKTVMwd0t3WURWUVFERXlSbE5qTmlNVGhqT1MwNVltSXhMVFEyTlRZdE9HUmpNUzFrWlRObU1EZzBZVEE1Wm1RdwpJQmNOTWpRd05qRXdNRGN4TnpRMldoZ1BNakExTkRBMk1ETXdPREUzTkRaYU1DOHhMVEFyQmdOVkJBTVRKR1UyCk0ySXhPR001TFRsaVlqRXRORFkxTmkwNFpHTXhMV1JsTTJZd09EUmhNRGxtWkRDQ0FhSXdEUVlKS29aSWh2Y04KQVFFQkJRQURnZ0dQQURDQ0FZb0NnZ0dCQU5kQ1NFZ01nNmxZNUhLbWNPNFRSRFdIcjdwTFBVaThjL1dpdG9MdgpMU21yTko5ajFKWlU2VlYraUswV1lsVTJGSkN3dlBTR0NwdDRZeSt4RVVGY3ZiZXljZGxJVmw0OE10Uzhhcy9wCmRhTm54QzFBLzloay9IcnQ5SDdkTFBaOGNUeHZMQWtabHNhVEluS0IzK2owcnlDUlRWUHNDeEFPOXpoQ3YzaGsKNzBiWEwyYm9nNUxlS0U0dXJ4YnRFNERlOVlFdVg4TUhHRm9lWXVnSndhRCtWK3BFYStEcytnMGlwbU8yYjNDNwp3RWYzV1RwNnVjSWFTOStwVUIrYlVKb1ZYZlBMQURGWWNRQ1BTajZLajlZT2hpc3BlRzBJYTY5QXpHQlBKWmM0CmVmNkliMXZUSC9zbTI2K3RjUjlQUnpEenFVOGw1K3J4blNMcGx4WCs5L3NWdzN2S1A4OEZ1TmIrd3JyMnhDN0cKQkh6bDV5bGozU2VkZG8yNUVUTkIwMVFBSlMwRGx3MW1rZEhVZEZ4cFkyeHhrUHY1MEpwYnZkOXg2M0dvMXVuMwpnd09NSUZuRkhKWkh6N2JqMlZFaVhMOWNGUmdoTlYrbjAwSSsvWHZ4OHZEZDhVbmI3ckdEamZIRDdqdEdTaS9kCjNPbFRUbGJaL2JNNFJzMDlaQ0FxazBCY3d3SURBUUFCbzBJd1FEQU9CZ05WSFE4QkFmOEVCQU1DQWdRd0R3WUQKVlIwVEFRSC9CQVV3QXdFQi96QWRCZ05WSFE0RUZnUVU5aTR2OVNqZnoyZ2J2S0RlRzNHbTZHNDE5WVF3RFFZSgpLb1pJaHZjTkFRRUxCUUFEZ2dHQkFMa0JFN1dWcEZ6Q1dZRWVtRmdkck8yMlh1cHorSjE2bHlVckJWZmk0Sm4xClF5RUN5c3JnMzNnU0hIMDBvekVOWGFLT0tmVWx2SDVxRDFtNlVPSUV0VmF2YXFsT1N3cDBPUXJMUG5ZVFJXMzQKSGNUOGlGZEJLSkF2MWhkWnNzUzUyV3BaUWgrWC9md0dQOUFZSVpRdVl6STFRK0Vtek1iVHNXUWdIWnNCbGZJZAp6Q0U1VjlGd0t2a3VGalNpcFdQNHVKelB5M0o3bW10TllDZVNyN2txcTlzbmIxV3FOeGhFUHZnSVI0VzUrZmJSCkh1cFNma2hMRmNhTGxVSUFnODZCRFhqY1ZGYVNSQzFQSENYOUwyVzVoc1FqSmRyNkF2UTZ2MHpnOGVOcTdtY2cKazFEYS8wY3FGb2pCRDVFRDlpcWlhc29OYVBCY0ttSStGYzB2eFhKNjBvNFhiVGE4QlFneUxQS3IzVkdSbE1VRwpEeVpITjg5RERQQm5tQVc5R1B3N2hSNVlBYTdrajR1SWMvbVhaMlZCb2kyOTJkaHNJL29FSDJldjg2OTRyQUM0ClN0dnluNGFhNmVTTGgzOHAxNko3MUZEcjBWT0JVVXJaN2xCVUtzbXVBTGlUQ2pIUjM1VGY4SSttMFhDa0tQNTcKTzBqOG5DSWRkbjlJZk0xN3lEL3ZYQT09Ci0tLS0tRU5EIENFUlRJRklDQVRFLS0tLS0K"
              }
            ],
            "master_authorized_networks_config": [],
            "master_version": "1.29.4-gke.1043002",
            "mesh_certificates": [],
            "min_master_version": null,
            "monitoring_config": [
              {
                "advanced_datapath_observability_config": [
                  {
                    "enable_metrics": false,
                    "enable_relay": false,
                    "relay_mode": "DISABLED"
                  }
                ],
                "enable_components": [
                  "SYSTEM_COMPONENTS"
                ],
                "managed_prometheus": [
                  {
                    "enabled": true
                  }
                ]
              }
            ],
            "monitoring_service": "monitoring.googleapis.com/kubernetes",
            "name": "k8s-cluster-clean-polecat",
            "network": "projects/epam-hw-424120/global/networks/default",
            "network_policy": [
              {
                "enabled": false,
                "provider": "PROVIDER_UNSPECIFIED"
              }
            ],
            "networking_mode": "VPC_NATIVE",
            "node_config": [
              {
                "advanced_machine_features": [],
                "boot_disk_kms_key": "",
                "confidential_nodes": [],
                "containerd_config": [],
                "disk_size_gb": 50,
                "disk_type": "pd-balanced",
                "effective_taints": [],
                "enable_confidential_storage": false,
                "ephemeral_storage_local_ssd_config": [],
                "fast_socket": [],
                "gcfs_config": [],
                "guest_accelerator": [],
                "gvnic": [],
                "host_maintenance_policy": [],
                "image_type": "COS_CONTAINERD",
                "kubelet_config": [],
                "labels": {},
                "linux_node_config": [],
                "local_nvme_ssd_block_config": [],
                "local_ssd_count": 0,
                "logging_variant": "DEFAULT",
                "machine_type": "n1-standard-4",
                "metadata": {
                  "disable-legacy-endpoints": "true"
                },
                "min_cpu_platform": "",
                "node_group": "",
                "oauth_scopes": [
                  "https://www.googleapis.com/auth/cloud-platform",
                  "https://www.googleapis.com/auth/userinfo.email"
                ],
                "preemptible": false,
                "reservation_affinity": [],
                "resource_labels": null,
                "resource_manager_tags": null,
                "secondary_boot_disks": [],
                "service_account": "gcs-clean-polecat-rw@epam-hw-424120.iam.gserviceaccount.com",
                "shielded_instance_config": [
                  {
                    "enable_integrity_monitoring": true,
                    "enable_secure_boot": false
                  }
                ],
                "sole_tenant_config": [],
                "spot": false,
                "tags": null,
                "taint": [],
                "workload_metadata_config": []
              }
            ],
            "node_locations": [],
            "node_pool": [
              {
                "autoscaling": [],
                "initial_node_count": 3,
                "instance_group_urls": [
                  "https://www.googleapis.com/compute/v1/projects/epam-hw-424120/zones/europe-west1-b/instanceGroupManagers/gke-k8s-cluster-clean-po-default-pool-c5d4b9a7-grp"
                ],
                "managed_instance_group_urls": [
                  "https://www.googleapis.com/compute/v1/projects/epam-hw-424120/zones/europe-west1-b/instanceGroups/gke-k8s-cluster-clean-po-default-pool-c5d4b9a7-grp"
                ],
                "management": [
                  {
                    "auto_repair": true,
                    "auto_upgrade": true
                  }
                ],
                "max_pods_per_node": 110,
                "name": "default-pool",
                "name_prefix": "",
                "network_config": [
                  {
                    "create_pod_range": false,
                    "enable_private_nodes": false,
                    "network_performance_config": [],
                    "pod_cidr_overprovision_config": [],
                    "pod_ipv4_cidr_block": "10.96.0.0/14",
                    "pod_range": "gke-k8s-cluster-clean-polecat-pods-a2cecb2b"
                  }
                ],
                "node_config": [
                  {
                    "advanced_machine_features": [],
                    "boot_disk_kms_key": "",
                    "confidential_nodes": [],
                    "containerd_config": [],
                    "disk_size_gb": 50,
                    "disk_type": "pd-balanced",
                    "effective_taints": [],
                    "enable_confidential_storage": false,
                    "ephemeral_storage_local_ssd_config": [],
                    "fast_socket": [],
                    "gcfs_config": [],
                    "guest_accelerator": [],
                    "gvnic": [],
                    "host_maintenance_policy": [],
                    "image_type": "COS_CONTAINERD",
                    "kubelet_config": [],
                    "labels": {},
                    "linux_node_config": [],
                    "local_nvme_ssd_block_config": [],
                    "local_ssd_count": 0,
                    "logging_variant": "DEFAULT",
                    "machine_type": "n1-standard-4",
                    "metadata": {
                      "disable-legacy-endpoints": "true"
                    },
                    "min_cpu_platform": "",
                    "node_group": "",
                    "oauth_scopes": [
                      "https://www.googleapis.com/auth/cloud-platform",
                      "https://www.googleapis.com/auth/userinfo.email"
                    ],
                    "preemptible": false,
                    "reservation_affinity": [],
                    "resource_labels": {},
                    "resource_manager_tags": {},
                    "secondary_boot_disks": [],
                    "service_account": "gcs-clean-polecat-rw@epam-hw-424120.iam.gserviceaccount.com",
                    "shielded_instance_config": [
                      {
                        "enable_integrity_monitoring": true,
                        "enable_secure_boot": false
                      }
                    ],
                    "sole_tenant_config": [],
                    "spot": false,
                    "tags": [],
                    "taint": [],
                    "workload_metadata_config": []
                  }
                ],
                "node_count": 3,
                "node_locations": [
                  "europe-west1-b"
                ],
                "placement_policy": [],
                "queued_provisioning": [],
                "upgrade_settings": [
                  {
                    "blue_green_settings": [],
                    "max_surge": 1,
                    "max_unavailable": 0,
                    "strategy": "SURGE"
                  }
                ],
                "version": "1.29.4-gke.1043002"
              }
            ],
            "node_pool_auto_config": [],
            "node_pool_defaults": [
              {
                "node_config_defaults": [
                  {
                    "containerd_config": [],
                    "logging_variant": "DEFAULT"
                  }
                ]
              }
            ],
            "node_version": "1.29.4-gke.1043002",
            "notification_config": [
              {
                "pubsub": [
                  {
                    "enabled": false,
                    "filter": [],
                    "topic": ""
                  }
                ]
              }
            ],
            "operation": null,
            "private_cluster_config": [
              {
                "enable_private_endpoint": false,
                "enable_private_nodes": false,
                "master_global_access_config": [
                  {
                    "enabled": false
                  }
                ],
                "master_ipv4_cidr_block": "",
                "peering_name": "",
                "private_endpoint": "10.132.0.56",
                "private_endpoint_subnetwork": "",
                "public_endpoint": "34.140.178.68"
              }
            ],
            "private_ipv6_google_access": "",
            "project": "epam-hw-424120",
            "release_channel": [
              {
                "channel": "REGULAR"
              }
            ],
            "remove_default_node_pool": null,
            "resource_labels": null,
            "resource_usage_export_config": [],
            "security_posture_config": [
              {
                "mode": "BASIC",
                "vulnerability_mode": "VULNERABILITY_MODE_UNSPECIFIED"
              }
            ],
            "self_link": "https://container.googleapis.com/v1/projects/epam-hw-424120/zones/europe-west1-b/clusters/k8s-cluster-clean-polecat",
            "service_external_ips_config": [
              {
                "enabled": false
              }
            ],
            "services_ipv4_cidr": "34.118.224.0/20",
            "subnetwork": "projects/epam-hw-424120/regions/europe-west1/subnetworks/default",
            "timeouts": null,
            "tpu_ipv4_cidr_block": "",
            "vertical_pod_autoscaling": [],
            "workload_identity_config": []
          },
          "sensitive_attributes": [],
          "private": "eyJlMmJmYjczMC1lY2FhLTExZTYtOGY4OC0zNDM2M2JjN2M0YzAiOnsiY3JlYXRlIjoyNDAwMDAwMDAwMDAwLCJkZWxldGUiOjI0MDAwMDAwMDAwMDAsInJlYWQiOjI0MDAwMDAwMDAwMDAsInVwZGF0ZSI6MzYwMDAwMDAwMDAwMH0sInNjaGVtYV92ZXJzaW9uIjoiMiJ9",
          "dependencies": [
            "google_project_service.container_service",
            "google_service_account.service_account",
            "google_storage_bucket.storage_bucket",
            "google_storage_bucket_iam_binding.binding",
            "random_pet.random_suffix"
          ]
        }
      ]
    },
    {
      "mode": "managed",
      "type": "google_project_service",
      "name": "container_service",
      "provider": "provider[\"registry.terraform.io/hashicorp/google\"]",
      "instances": [
        {
          "schema_version": 0,
          "attributes": {
            "disable_dependent_services": true,
            "disable_on_destroy": true,
            "id": "epam-hw-424120/container.googleapis.com",
            "project": "epam-hw-424120",
            "service": "container.googleapis.com",
            "timeouts": null
          },
          "sensitive_attributes": [],
          "private": "eyJlMmJmYjczMC1lY2FhLTExZTYtOGY4OC0zNDM2M2JjN2M0YzAiOnsiY3JlYXRlIjoxMjAwMDAwMDAwMDAwLCJkZWxldGUiOjEyMDAwMDAwMDAwMDAsInJlYWQiOjYwMDAwMDAwMDAwMCwidXBkYXRlIjoxMjAwMDAwMDAwMDAwfX0="
        }
      ]
    },
    {
      "mode": "managed",
      "type": "google_service_account",
      "name": "service_account",
      "provider": "provider[\"registry.terraform.io/hashicorp/google\"]",
      "instances": [
        {
          "schema_version": 0,
          "attributes": {
            "account_id": "gcs-clean-polecat-rw",
            "create_ignore_already_exists": null,
            "description": "",
            "disabled": false,
            "display_name": "Service Account for RW",
            "email": "gcs-clean-polecat-rw@epam-hw-424120.iam.gserviceaccount.com",
            "id": "projects/epam-hw-424120/serviceAccounts/gcs-clean-polecat-rw@epam-hw-424120.iam.gserviceaccount.com",
            "member": "serviceAccount:gcs-clean-polecat-rw@epam-hw-424120.iam.gserviceaccount.com",
            "name": "projects/epam-hw-424120/serviceAccounts/gcs-clean-polecat-rw@epam-hw-424120.iam.gserviceaccount.com",
            "project": "epam-hw-424120",
            "timeouts": null,
            "unique_id": "111923259098811436179"
          },
          "sensitive_attributes": [],
          "private": "eyJlMmJmYjczMC1lY2FhLTExZTYtOGY4OC0zNDM2M2JjN2M0YzAiOnsiY3JlYXRlIjozMDAwMDAwMDAwMDB9fQ==",
          "dependencies": [
            "random_pet.random_suffix"
          ]
        }
      ]
    },
    {
      "mode": "managed",
      "type": "google_storage_bucket",
      "name": "storage_bucket",
      "provider": "provider[\"registry.terraform.io/hashicorp/google\"]",
      "instances": [
        {
          "schema_version": 1,
          "attributes": {
            "autoclass": [],
            "cors": [],
            "custom_placement_config": [],
            "default_event_based_hold": false,
            "effective_labels": {},
            "enable_object_retention": false,
            "encryption": [],
            "force_destroy": false,
            "id": "storage-bucket-clean-polecat",
            "labels": {},
            "lifecycle_rule": [],
            "location": "EU",
            "logging": [],
            "name": "storage-bucket-clean-polecat",
            "project": "epam-hw-424120",
            "project_number": 819709497777,
            "public_access_prevention": "inherited",
            "requester_pays": false,
            "retention_policy": [],
            "rpo": "DEFAULT",
            "self_link": "https://www.googleapis.com/storage/v1/b/storage-bucket-clean-polecat",
            "soft_delete_policy": [
              {
                "effective_time": "2024-06-06T15:45:34.088Z",
                "retention_duration_seconds": 604800
              }
            ],
            "storage_class": "STANDARD",
            "terraform_labels": {},
            "timeouts": null,
            "uniform_bucket_level_access": false,
            "url": "gs://storage-bucket-clean-polecat",
            "versioning": [],
            "website": []
          },
          "sensitive_attributes": [],
          "private": "eyJlMmJmYjczMC1lY2FhLTExZTYtOGY4OC0zNDM2M2JjN2M0YzAiOnsiY3JlYXRlIjo2MDAwMDAwMDAwMDAsInJlYWQiOjI0MDAwMDAwMDAwMCwidXBkYXRlIjoyNDAwMDAwMDAwMDB9LCJzY2hlbWFfdmVyc2lvbiI6IjEifQ==",
          "dependencies": [
            "random_pet.random_suffix"
          ]
        }
      ]
    },
    {
      "mode": "managed",
      "type": "google_storage_bucket_iam_binding",
      "name": "binding",
      "provider": "provider[\"registry.terraform.io/hashicorp/google\"]",
      "instances": [
        {
          "schema_version": 0,
          "attributes": {
            "bucket": "b/storage-bucket-clean-polecat",
            "condition": [],
            "etag": "CAI=",
            "id": "b/storage-bucket-clean-polecat/roles/storage.admin",
            "members": [
              "serviceAccount:gcs-clean-polecat-rw@epam-hw-424120.iam.gserviceaccount.com"
            ],
            "role": "roles/storage.admin"
          },
          "sensitive_attributes": [],
          "private": "bnVsbA==",
          "dependencies": [
            "google_service_account.service_account",
            "google_storage_bucket.storage_bucket",
            "random_pet.random_suffix"
          ]
        }
      ]
    },
    {
      "mode": "managed",
      "type": "google_storage_bucket_object",
      "name": "upload_files",
      "provider": "provider[\"registry.terraform.io/hashicorp/google\"]",
      "instances": [
        {
          "index_key": ".DS_Store",
          "schema_version": 0,
          "attributes": {
            "bucket": "storage-bucket-clean-polecat",
            "cache_control": "",
            "content": null,
            "content_disposition": "",
            "content_encoding": "",
            "content_language": "",
            "content_type": "application/octet-stream",
            "crc32c": "2I6uWw==",
            "customer_encryption": [],
            "detect_md5hash": "S/Uj7CnyM1MGLym3a8boIA==",
            "event_based_hold": false,
            "id": "storage-bucket-clean-polecat-.DS_Store",
            "kms_key_name": "",
            "md5hash": "S/Uj7CnyM1MGLym3a8boIA==",
            "media_link": "https://storage.googleapis.com/download/storage/v1/b/storage-bucket-clean-polecat/o/.DS_Store?generation=1717689393206193\u0026alt=media",
            "metadata": {},
            "name": ".DS_Store",
            "output_name": ".DS_Store",
            "retention": [],
            "self_link": "https://www.googleapis.com/storage/v1/b/storage-bucket-clean-polecat/o/.DS_Store",
            "source": "D:/Users/Sergei/Documents/Python_Scripts/Kafka_streams/m12kafkastreams/.DS_Store",
            "storage_class": "STANDARD",
            "temporary_hold": false,
            "timeouts": null
          },
          "sensitive_attributes": [],
          "private": "eyJlMmJmYjczMC1lY2FhLTExZTYtOGY4OC0zNDM2M2JjN2M0YzAiOnsiY3JlYXRlIjoyNDAwMDAwMDAwMDAsImRlbGV0ZSI6MjQwMDAwMDAwMDAwLCJ1cGRhdGUiOjI0MDAwMDAwMDAwMH19",
          "dependencies": [
            "google_service_account.service_account",
            "google_storage_bucket.storage_bucket",
            "google_storage_bucket_iam_binding.binding",
            "random_pet.random_suffix"
          ]
        },
        {
          "index_key": "DataDescription.md",
          "schema_version": 0,
          "attributes": {
            "bucket": "storage-bucket-clean-polecat",
            "cache_control": "",
            "content": null,
            "content_disposition": "",
            "content_encoding": "",
            "content_language": "",
            "content_type": "text/plain; charset=utf-8",
            "crc32c": "woYMuw==",
            "customer_encryption": [],
            "detect_md5hash": "RtyAvSLdLYY2+nFkNTCzlQ==",
            "event_based_hold": false,
            "id": "storage-bucket-clean-polecat-DataDescription.md",
            "kms_key_name": "",
            "md5hash": "RtyAvSLdLYY2+nFkNTCzlQ==",
            "media_link": "https://storage.googleapis.com/download/storage/v1/b/storage-bucket-clean-polecat/o/DataDescription.md?generation=1717689393037567\u0026alt=media",
            "metadata": {},
            "name": "DataDescription.md",
            "output_name": "DataDescription.md",
            "retention": [],
            "self_link": "https://www.googleapis.com/storage/v1/b/storage-bucket-clean-polecat/o/DataDescription.md",
            "source": "D:/Users/Sergei/Documents/Python_Scripts/Kafka_streams/m12kafkastreams/DataDescription.md",
            "storage_class": "STANDARD",
            "temporary_hold": false,
            "timeouts": null
          },
          "sensitive_attributes": [],
          "private": "eyJlMmJmYjczMC1lY2FhLTExZTYtOGY4OC0zNDM2M2JjN2M0YzAiOnsiY3JlYXRlIjoyNDAwMDAwMDAwMDAsImRlbGV0ZSI6MjQwMDAwMDAwMDAwLCJ1cGRhdGUiOjI0MDAwMDAwMDAwMH19",
          "dependencies": [
            "google_service_account.service_account",
            "google_storage_bucket.storage_bucket",
            "google_storage_bucket_iam_binding.binding",
            "random_pet.random_suffix"
          ]
        },
        {
          "index_key": "topics/expedia/partition=0/expedia+0+0000000000.avro",
          "schema_version": 0,
          "attributes": {
            "bucket": "storage-bucket-clean-polecat",
            "cache_control": "",
            "content": null,
            "content_disposition": "",
            "content_encoding": "",
            "content_language": "",
            "content_type": "application/octet-stream",
            "crc32c": "ZGIlww==",
            "customer_encryption": [],
            "detect_md5hash": "fTN2rXRPlUX3mKKBgrhytg==",
            "event_based_hold": false,
            "id": "storage-bucket-clean-polecat-topics/expedia/partition=0/expedia+0+0000000000.avro",
            "kms_key_name": "",
            "md5hash": "fTN2rXRPlUX3mKKBgrhytg==",
            "media_link": "https://storage.googleapis.com/download/storage/v1/b/storage-bucket-clean-polecat/o/topics%2Fexpedia%2Fpartition=0%2Fexpedia%2B0%2B0000000000.avro?generation=1717689455525314\u0026alt=media",
            "metadata": {},
            "name": "topics/expedia/partition=0/expedia+0+0000000000.avro",
            "output_name": "topics/expedia/partition=0/expedia+0+0000000000.avro",
            "retention": [],
            "self_link": "https://www.googleapis.com/storage/v1/b/storage-bucket-clean-polecat/o/topics%2Fexpedia%2Fpartition=0%2Fexpedia%2B0%2B0000000000.avro",
            "source": "D:/Users/Sergei/Documents/Python_Scripts/Kafka_streams/m12kafkastreams/topics/expedia/partition=0/expedia+0+0000000000.avro",
            "storage_class": "STANDARD",
            "temporary_hold": false,
            "timeouts": null
          },
          "sensitive_attributes": [],
          "private": "eyJlMmJmYjczMC1lY2FhLTExZTYtOGY4OC0zNDM2M2JjN2M0YzAiOnsiY3JlYXRlIjoyNDAwMDAwMDAwMDAsImRlbGV0ZSI6MjQwMDAwMDAwMDAwLCJ1cGRhdGUiOjI0MDAwMDAwMDAwMH19",
          "dependencies": [
            "google_service_account.service_account",
            "google_storage_bucket.storage_bucket",
            "google_storage_bucket_iam_binding.binding",
            "random_pet.random_suffix"
          ]
        },
        {
          "index_key": "topics/expedia/partition=1/expedia+1+0000000000.avro",
          "schema_version": 0,
          "attributes": {
            "bucket": "storage-bucket-clean-polecat",
            "cache_control": "",
            "content": null,
            "content_disposition": "",
            "content_encoding": "",
            "content_language": "",
            "content_type": "application/octet-stream",
            "crc32c": "3fR8jg==",
            "customer_encryption": [],
            "detect_md5hash": "6zXxvHcwCdonNeM6Si8qkw==",
            "event_based_hold": false,
            "id": "storage-bucket-clean-polecat-topics/expedia/partition=1/expedia+1+0000000000.avro",
            "kms_key_name": "",
            "md5hash": "6zXxvHcwCdonNeM6Si8qkw==",
            "media_link": "https://storage.googleapis.com/download/storage/v1/b/storage-bucket-clean-polecat/o/topics%2Fexpedia%2Fpartition=1%2Fexpedia%2B1%2B0000000000.avro?generation=1717689437603135\u0026alt=media",
            "metadata": {},
            "name": "topics/expedia/partition=1/expedia+1+0000000000.avro",
            "output_name": "topics/expedia/partition=1/expedia+1+0000000000.avro",
            "retention": [],
            "self_link": "https://www.googleapis.com/storage/v1/b/storage-bucket-clean-polecat/o/topics%2Fexpedia%2Fpartition=1%2Fexpedia%2B1%2B0000000000.avro",
            "source": "D:/Users/Sergei/Documents/Python_Scripts/Kafka_streams/m12kafkastreams/topics/expedia/partition=1/expedia+1+0000000000.avro",
            "storage_class": "STANDARD",
            "temporary_hold": false,
            "timeouts": null
          },
          "sensitive_attributes": [],
          "private": "eyJlMmJmYjczMC1lY2FhLTExZTYtOGY4OC0zNDM2M2JjN2M0YzAiOnsiY3JlYXRlIjoyNDAwMDAwMDAwMDAsImRlbGV0ZSI6MjQwMDAwMDAwMDAwLCJ1cGRhdGUiOjI0MDAwMDAwMDAwMH19",
          "dependencies": [
            "google_service_account.service_account",
            "google_storage_bucket.storage_bucket",
            "google_storage_bucket_iam_binding.binding",
            "random_pet.random_suffix"
          ]
        },
        {
          "index_key": "topics/expedia/partition=2/expedia+2+0000000000.avro",
          "schema_version": 0,
          "attributes": {
            "bucket": "storage-bucket-clean-polecat",
            "cache_control": "",
            "content": null,
            "content_disposition": "",
            "content_encoding": "",
            "content_language": "",
            "content_type": "application/octet-stream",
            "crc32c": "KrH7og==",
            "customer_encryption": [],
            "detect_md5hash": "jXf2olp6TPwGiJhHvQmLWw==",
            "event_based_hold": false,
            "id": "storage-bucket-clean-polecat-topics/expedia/partition=2/expedia+2+0000000000.avro",
            "kms_key_name": "",
            "md5hash": "jXf2olp6TPwGiJhHvQmLWw==",
            "media_link": "https://storage.googleapis.com/download/storage/v1/b/storage-bucket-clean-polecat/o/topics%2Fexpedia%2Fpartition=2%2Fexpedia%2B2%2B0000000000.avro?generation=1717689448185854\u0026alt=media",
            "metadata": {},
            "name": "topics/expedia/partition=2/expedia+2+0000000000.avro",
            "output_name": "topics/expedia/partition=2/expedia+2+0000000000.avro",
            "retention": [],
            "self_link": "https://www.googleapis.com/storage/v1/b/storage-bucket-clean-polecat/o/topics%2Fexpedia%2Fpartition=2%2Fexpedia%2B2%2B0000000000.avro",
            "source": "D:/Users/Sergei/Documents/Python_Scripts/Kafka_streams/m12kafkastreams/topics/expedia/partition=2/expedia+2+0000000000.avro",
            "storage_class": "STANDARD",
            "temporary_hold": false,
            "timeouts": null
          },
          "sensitive_attributes": [],
          "private": "eyJlMmJmYjczMC1lY2FhLTExZTYtOGY4OC0zNDM2M2JjN2M0YzAiOnsiY3JlYXRlIjoyNDAwMDAwMDAwMDAsImRlbGV0ZSI6MjQwMDAwMDAwMDAwLCJ1cGRhdGUiOjI0MDAwMDAwMDAwMH19",
          "dependencies": [
            "google_service_account.service_account",
            "google_storage_bucket.storage_bucket",
            "google_storage_bucket_iam_binding.binding",
            "random_pet.random_suffix"
          ]
        }
      ]
    },
    {
      "mode": "managed",
      "type": "random_pet",
      "name": "random_suffix",
      "provider": "provider[\"registry.terraform.io/hashicorp/random\"]",
      "instances": [
        {
          "schema_version": 0,
          "attributes": {
            "id": "clean-polecat",
            "keepers": {
              "project": "epam-hw-424120",
              "region": "europe-west1",
              "zone": "europe-west1-b"
            },
            "length": 2,
            "prefix": null,
            "separator": "-"
          },
          "sensitive_attributes": []
        }
      ]
    }
  ],
  "check_results": null
}
